<Solution>
  <Folder Name="/Solution Items/">
    <File Path="claude-instructions.md" />
  </Folder><Folder Name="/src/">  <Project Path="src/AssistaJunto.API/AssistaJunto.API.csproj" />  <Project Path="src/AssistaJunto.Application/AssistaJunto.Application.csproj" />  <Project Path="src/AssistaJunto.Client/AssistaJunto.Client.csproj" />  <Project Path="src/AssistaJunto.Domain/AssistaJunto.Domain.csproj" />  <Project Path="src/AssistaJunto.Infrastructure/AssistaJunto.Infrastructure.csproj" /></Folder></Solution>
